
Microsoft Visual Studio Solution File, Format Version 12.00
# Visual Studio Version 16
VisualStudioVersion = 16.0.31005.135
MinimumVisualStudioVersion = 10.0.40219.1
Project("{9A19103F-16F7-4668-BE54-9A1E7A4F7556}") = "Course.Api", "Course.Api\Course.Api.csproj", "{A65D04E2-2BDA-404C-8891-A192F73D7717}"
EndProject
Project("{2150E333-8FDC-42A3-9474-1A3956D46DE8}") = "src", "src", "{3B842A98-CBF3-4630-B9E5-50BD6A9641D1}"
EndProject
Project("{2150E333-8FDC-42A3-9474-1A3956D46DE8}") = "tests", "tests", "{44BB9F9A-5A85-4FA1-A318-B996E2CDDF60}"
EndProject
Project("{FAE04EC0-301F-11D3-BF4B-00C04F79EFBC}") = "Course.Api.Tests", "Course.Api.Tests\Course.Api.Tests.csproj", "{10C42C3E-A710-41A7-89A9-6D9D472AA297}"
EndProject
Project("{2150E333-8FDC-42A3-9474-1A3956D46DE8}") = "Solution Items", "Solution Items", "{888AAA34-9EFB-4264-82C7-6A76B91447FE}"
	ProjectSection(SolutionItems) = preProject
		.editorconfig = .editorconfig
	EndProjectSection
EndProject
Global
	GlobalSection(SolutionConfigurationPlatforms) = preSolution
		Debug|Any CPU = Debug|Any CPU
		Release|Any CPU = Release|Any CPU
	EndGlobalSection
	GlobalSection(ProjectConfigurationPlatforms) = postSolution
		{A65D04E2-2BDA-404C-8891-A192F73D7717}.Debug|Any CPU.ActiveCfg = Debug|Any CPU
		{A65D04E2-2BDA-404C-8891-A192F73D7717}.Debug|Any CPU.Build.0 = Debug|Any CPU
		{A65D04E2-2BDA-404C-8891-A192F73D7717}.Release|Any CPU.ActiveCfg = Release|Any CPU
		{A65D04E2-2BDA-404C-8891-A192F73D7717}.Release|Any CPU.Build.0 = Release|Any CPU
		{10C42C3E-A710-41A7-89A9-6D9D472AA297}.Debug|Any CPU.ActiveCfg = Debug|Any CPU
		{10C42C3E-A710-41A7-89A9-6D9D472AA297}.Debug|Any CPU.Build.0 = Debug|Any CPU
		{10C42C3E-A710-41A7-89A9-6D9D472AA297}.Release|Any CPU.ActiveCfg = Release|Any CPU
		{10C42C3E-A710-41A7-89A9-6D9D472AA297}.Release|Any CPU.Build.0 = Release|Any CPU
	EndGlobalSection
	GlobalSection(SolutionProperties) = preSolution
		HideSolutionNode = FALSE
	EndGlobalSection
	GlobalSection(NestedProjects) = preSolution
		{A65D04E2-2BDA-404C-8891-A192F73D7717} = {3B842A98-CBF3-4630-B9E5-50BD6A9641D1}
		{10C42C3E-A710-41A7-89A9-6D9D472AA297} = {44BB9F9A-5A85-4FA1-A318-B996E2CDDF60}
	EndGlobalSection
	GlobalSection(ExtensibilityGlobals) = postSolution
		SolutionGuid = {6DEFFD9C-7CD7-4B7E-8977-8F7BC08CCE90}
	EndGlobalSection
EndGlobal
